
Microsoft Visual Studio Solution File, Format Version 12.00
# Visual Studio Version 17
VisualStudioVersion = 17.10.35027.167
MinimumVisualStudioVersion = 10.0.40219.1
Project("{FC65038C-1B2F-41E1-A629-BED71D161FFF}") = "d365quang (ISV) [Fleet Management]", "d365quang\d365quang.rnrproj", "{431AB5BE-69F2-4298-970E-8857F5CD2702}"
EndProject
Global
	GlobalSection(SolutionConfigurationPlatforms) = preSolution
		Debug|Any CPU = Debug|Any CPU
	EndGlobalSection
	GlobalSection(ProjectConfigurationPlatforms) = postSolution
		{431AB5BE-69F2-4298-970E-8857F5CD2702}.Debug|Any CPU.ActiveCfg = Debug|Any CPU
		{431AB5BE-69F2-4298-970E-8857F5CD2702}.Debug|Any CPU.Build.0 = Debug|Any CPU
	EndGlobalSection
	GlobalSection(SolutionProperties) = preSolution
		HideSolutionNode = FALSE
	EndGlobalSection
	GlobalSection(ExtensibilityGlobals) = postSolution
		SolutionGuid = {AE0AC719-8868-4C32-9A16-BA60FC48CA81}
	EndGlobalSection
EndGlobal
